{
  "object": {
    "pins": [
      {
        "package": "CoreDataStore",
        "repositoryURL": "https://github.com/unsaferawpointer/CoreDataStore",
        "state": {
          "branch": "main",
          "revision": "b9b35969825e89b48215b3edf9bb68dc692584d4",
          "version": null
        }
      }
    ]
  },
  "version": 1
}
