{
  "object": {
    "pins": [
      {
        "package": "CoreDataStore",
        "repositoryURL": "https://github.com/unsaferawpointer/CoreDataStore",
        "state": {
          "branch": "master",
          "revision": "82f8dffb2106c3ec9b91a0cb0ddf297e3a5946b6",
          "version": null
        }
      }
    ]
  },
  "version": 1
}
