// !$*UTF8*$!
{
	archiveVersion = 1;
	classes = {
	};
	objectVersion = 50;
	objects = {

/* Begin PBXBuildFile section */
		4CD00B7326BFBD8A00AC491E /* AppDelegate.swift in Sources */ = {isa = PBXBuildFile; fileRef = 4CD00B7226BFBD8A00AC491E /* AppDelegate.swift */; };
		4CD00B7526BFBD8A00AC491E /* ViewController.swift in Sources */ = {isa = PBXBuildFile; fileRef = 4CD00B7426BFBD8A00AC491E /* ViewController.swift */; };
		4CD00B7826BFBD8A00AC491E /* JustTo_DoList.xcdatamodeld in Sources */ = {isa = PBXBuildFile; fileRef = 4CD00B7626BFBD8A00AC491E /* JustTo_DoList.xcdatamodeld */; };
		4CD00B7A26BFBD8B00AC491E /* Assets.xcassets in Resources */ = {isa = PBXBuildFile; fileRef = 4CD00B7926BFBD8B00AC491E /* Assets.xcassets */; };
		4CD00B8626BFC00300AC491E /* main.swift in Sources */ = {isa = PBXBuildFile; fileRef = 4CD00B8526BFC00300AC491E /* main.swift */; };
		4CD00B8926BFC16B00AC491E /* MainSplitViewController.swift in Sources */ = {isa = PBXBuildFile; fileRef = 4CD00B8826BFC16B00AC491E /* MainSplitViewController.swift */; };
		4CD00B8D26BFCB9800AC491E /* MainWindowController.swift in Sources */ = {isa = PBXBuildFile; fileRef = 4CD00B8C26BFCB9800AC491E /* MainWindowController.swift */; };
		4CD00B9126BFDC6500AC491E /* Core Data Model.swift in Sources */ = {isa = PBXBuildFile; fileRef = 4CD00B9026BFDC6500AC491E /* Core Data Model.swift */; };
		4CD00B9326BFF17500AC491E /* ContentViewController.swift in Sources */ = {isa = PBXBuildFile; fileRef = 4CD00B9226BFF17500AC491E /* ContentViewController.swift */; };
		4CD00B9626BFF1BA00AC491E /* TableBuilder.swift in Sources */ = {isa = PBXBuildFile; fileRef = 4CD00B9526BFF1BA00AC491E /* TableBuilder.swift */; };
/* End PBXBuildFile section */

/* Begin PBXFileReference section */
		4CD00B6F26BFBD8A00AC491E /* JustTo-DoList.app */ = {isa = PBXFileReference; explicitFileType = wrapper.application; includeInIndex = 0; path = "JustTo-DoList.app"; sourceTree = BUILT_PRODUCTS_DIR; };
		4CD00B7226BFBD8A00AC491E /* AppDelegate.swift */ = {isa = PBXFileReference; lastKnownFileType = sourcecode.swift; path = AppDelegate.swift; sourceTree = "<group>"; };
		4CD00B7426BFBD8A00AC491E /* ViewController.swift */ = {isa = PBXFileReference; lastKnownFileType = sourcecode.swift; path = ViewController.swift; sourceTree = "<group>"; };
		4CD00B7726BFBD8A00AC491E /* JustTo_DoList.xcdatamodel */ = {isa = PBXFileReference; lastKnownFileType = wrapper.xcdatamodel; path = JustTo_DoList.xcdatamodel; sourceTree = "<group>"; };
		4CD00B7926BFBD8B00AC491E /* Assets.xcassets */ = {isa = PBXFileReference; lastKnownFileType = folder.assetcatalog; path = Assets.xcassets; sourceTree = "<group>"; };
		4CD00B7E26BFBD8B00AC491E /* Info.plist */ = {isa = PBXFileReference; lastKnownFileType = text.plist.xml; path = Info.plist; sourceTree = "<group>"; };
		4CD00B7F26BFBD8B00AC491E /* JustTo_DoList.entitlements */ = {isa = PBXFileReference; lastKnownFileType = text.plist.entitlements; path = JustTo_DoList.entitlements; sourceTree = "<group>"; };
		4CD00B8526BFC00300AC491E /* main.swift */ = {isa = PBXFileReference; lastKnownFileType = sourcecode.swift; path = main.swift; sourceTree = "<group>"; };
		4CD00B8826BFC16B00AC491E /* MainSplitViewController.swift */ = {isa = PBXFileReference; lastKnownFileType = sourcecode.swift; path = MainSplitViewController.swift; sourceTree = "<group>"; };
		4CD00B8C26BFCB9800AC491E /* MainWindowController.swift */ = {isa = PBXFileReference; lastKnownFileType = sourcecode.swift; path = MainWindowController.swift; sourceTree = "<group>"; };
		4CD00B9026BFDC6500AC491E /* Core Data Model.swift */ = {isa = PBXFileReference; lastKnownFileType = sourcecode.swift; path = "Core Data Model.swift"; sourceTree = "<group>"; };
		4CD00B9226BFF17500AC491E /* ContentViewController.swift */ = {isa = PBXFileReference; lastKnownFileType = sourcecode.swift; path = ContentViewController.swift; sourceTree = "<group>"; };
		4CD00B9526BFF1BA00AC491E /* TableBuilder.swift */ = {isa = PBXFileReference; fileEncoding = 4; lastKnownFileType = sourcecode.swift; path = TableBuilder.swift; sourceTree = "<group>"; };
/* End PBXFileReference section */

/* Begin PBXFrameworksBuildPhase section */
		4CD00B6C26BFBD8A00AC491E /* Frameworks */ = {
			isa = PBXFrameworksBuildPhase;
			buildActionMask = 2147483647;
			files = (
			);
			runOnlyForDeploymentPostprocessing = 0;
		};
/* End PBXFrameworksBuildPhase section */

/* Begin PBXGroup section */
		4CD00B6626BFBD8A00AC491E = {
			isa = PBXGroup;
			children = (
				4CD00B7126BFBD8A00AC491E /* JustTo-DoList */,
				4CD00B7026BFBD8A00AC491E /* Products */,
			);
			sourceTree = "<group>";
		};
		4CD00B7026BFBD8A00AC491E /* Products */ = {
			isa = PBXGroup;
			children = (
				4CD00B6F26BFBD8A00AC491E /* JustTo-DoList.app */,
			);
			name = Products;
			sourceTree = "<group>";
		};
		4CD00B7126BFBD8A00AC491E /* JustTo-DoList */ = {
			isa = PBXGroup;
			children = (
				4CD00B8F26BFDC4E00AC491E /* Core Data */,
				4CD00B8E26BFCBA400AC491E /* Window Controllers */,
				4CD00B8726BFC14500AC491E /* View Controllers */,
				4CD00B7226BFBD8A00AC491E /* AppDelegate.swift */,
				4CD00B7926BFBD8B00AC491E /* Assets.xcassets */,
				4CD00B7E26BFBD8B00AC491E /* Info.plist */,
				4CD00B7F26BFBD8B00AC491E /* JustTo_DoList.entitlements */,
				4CD00B7626BFBD8A00AC491E /* JustTo_DoList.xcdatamodeld */,
				4CD00B8526BFC00300AC491E /* main.swift */,
			);
			path = "JustTo-DoList";
			sourceTree = "<group>";
		};
		4CD00B8726BFC14500AC491E /* View Controllers */ = {
			isa = PBXGroup;
			children = (
				4CD00B7426BFBD8A00AC491E /* ViewController.swift */,
				4CD00B9426BFF1BA00AC491E /* Builders */,
				4CD00B8826BFC16B00AC491E /* MainSplitViewController.swift */,
				4CD00B9226BFF17500AC491E /* ContentViewController.swift */,
			);
			path = "View Controllers";
			sourceTree = "<group>";
		};
		4CD00B8E26BFCBA400AC491E /* Window Controllers */ = {
			isa = PBXGroup;
			children = (
				4CD00B8C26BFCB9800AC491E /* MainWindowController.swift */,
			);
			path = "Window Controllers";
			sourceTree = "<group>";
		};
		4CD00B8F26BFDC4E00AC491E /* Core Data */ = {
			isa = PBXGroup;
			children = (
				4CD00B9026BFDC6500AC491E /* Core Data Model.swift */,
			);
			path = "Core Data";
			sourceTree = "<group>";
		};
		4CD00B9426BFF1BA00AC491E /* Builders */ = {
			isa = PBXGroup;
			children = (
				4CD00B9526BFF1BA00AC491E /* TableBuilder.swift */,
			);
			path = Builders;
			sourceTree = "<group>";
		};
/* End PBXGroup section */

/* Begin PBXNativeTarget section */
		4CD00B6E26BFBD8A00AC491E /* JustTo-DoList */ = {
			isa = PBXNativeTarget;
			buildConfigurationList = 4CD00B8226BFBD8B00AC491E /* Build configuration list for PBXNativeTarget "JustTo-DoList" */;
			buildPhases = (
				4CD00B6B26BFBD8A00AC491E /* Sources */,
				4CD00B6C26BFBD8A00AC491E /* Frameworks */,
				4CD00B6D26BFBD8A00AC491E /* Resources */,
			);
			buildRules = (
			);
			dependencies = (
			);
			name = "JustTo-DoList";
			productName = "JustTo-DoList";
			productReference = 4CD00B6F26BFBD8A00AC491E /* JustTo-DoList.app */;
			productType = "com.apple.product-type.application";
		};
/* End PBXNativeTarget section */

/* Begin PBXProject section */
		4CD00B6726BFBD8A00AC491E /* Project object */ = {
			isa = PBXProject;
			attributes = {
				LastSwiftUpdateCheck = 1250;
				LastUpgradeCheck = 1250;
				TargetAttributes = {
					4CD00B6E26BFBD8A00AC491E = {
						CreatedOnToolsVersion = 12.5.1;
					};
				};
			};
			buildConfigurationList = 4CD00B6A26BFBD8A00AC491E /* Build configuration list for PBXProject "JustTo-DoList" */;
			compatibilityVersion = "Xcode 9.3";
			developmentRegion = en;
			hasScannedForEncodings = 0;
			knownRegions = (
				en,
				Base,
			);
			mainGroup = 4CD00B6626BFBD8A00AC491E;
			productRefGroup = 4CD00B7026BFBD8A00AC491E /* Products */;
			projectDirPath = "";
			projectRoot = "";
			targets = (
				4CD00B6E26BFBD8A00AC491E /* JustTo-DoList */,
			);
		};
/* End PBXProject section */

/* Begin PBXResourcesBuildPhase section */
		4CD00B6D26BFBD8A00AC491E /* Resources */ = {
			isa = PBXResourcesBuildPhase;
			buildActionMask = 2147483647;
			files = (
				4CD00B7A26BFBD8B00AC491E /* Assets.xcassets in Resources */,
			);
			runOnlyForDeploymentPostprocessing = 0;
		};
/* End PBXResourcesBuildPhase section */

/* Begin PBXSourcesBuildPhase section */
		4CD00B6B26BFBD8A00AC491E /* Sources */ = {
			isa = PBXSourcesBuildPhase;
			buildActionMask = 2147483647;
			files = (
				4CD00B9326BFF17500AC491E /* ContentViewController.swift in Sources */,
				4CD00B8926BFC16B00AC491E /* MainSplitViewController.swift in Sources */,
				4CD00B7526BFBD8A00AC491E /* ViewController.swift in Sources */,
				4CD00B9126BFDC6500AC491E /* Core Data Model.swift in Sources */,
				4CD00B8D26BFCB9800AC491E /* MainWindowController.swift in Sources */,
				4CD00B7326BFBD8A00AC491E /* AppDelegate.swift in Sources */,
				4CD00B9626BFF1BA00AC491E /* TableBuilder.swift in Sources */,
				4CD00B8626BFC00300AC491E /* main.swift in Sources */,
				4CD00B7826BFBD8A00AC491E /* JustTo_DoList.xcdatamodeld in Sources */,
			);
			runOnlyForDeploymentPostprocessing = 0;
		};
/* End PBXSourcesBuildPhase section */

/* Begin XCBuildConfiguration section */
		4CD00B8026BFBD8B00AC491E /* Debug */ = {
			isa = XCBuildConfiguration;
			buildSettings = {
				ALWAYS_SEARCH_USER_PATHS = NO;
				CLANG_ANALYZER_NONNULL = YES;
				CLANG_ANALYZER_NUMBER_OBJECT_CONVERSION = YES_AGGRESSIVE;
				CLANG_CXX_LANGUAGE_STANDARD = "gnu++14";
				CLANG_CXX_LIBRARY = "libc++";
				CLANG_ENABLE_MODULES = YES;
				CLANG_ENABLE_OBJC_ARC = YES;
				CLANG_ENABLE_OBJC_WEAK = YES;
				CLANG_WARN_BLOCK_CAPTURE_AUTORELEASING = YES;
				CLANG_WARN_BOOL_CONVERSION = YES;
				CLANG_WARN_COMMA = YES;
				CLANG_WARN_CONSTANT_CONVERSION = YES;
				CLANG_WARN_DEPRECATED_OBJC_IMPLEMENTATIONS = YES;
				CLANG_WARN_DIRECT_OBJC_ISA_USAGE = YES_ERROR;
				CLANG_WARN_DOCUMENTATION_COMMENTS = YES;
				CLANG_WARN_EMPTY_BODY = YES;
				CLANG_WARN_ENUM_CONVERSION = YES;
				CLANG_WARN_INFINITE_RECURSION = YES;
				CLANG_WARN_INT_CONVERSION = YES;
				CLANG_WARN_NON_LITERAL_NULL_CONVERSION = YES;
				CLANG_WARN_OBJC_IMPLICIT_RETAIN_SELF = YES;
				CLANG_WARN_OBJC_LITERAL_CONVERSION = YES;
				CLANG_WARN_OBJC_ROOT_CLASS = YES_ERROR;
				CLANG_WARN_QUOTED_INCLUDE_IN_FRAMEWORK_HEADER = YES;
				CLANG_WARN_RANGE_LOOP_ANALYSIS = YES;
				CLANG_WARN_STRICT_PROTOTYPES = YES;
				CLANG_WARN_SUSPICIOUS_MOVE = YES;
				CLANG_WARN_UNGUARDED_AVAILABILITY = YES_AGGRESSIVE;
				CLANG_WARN_UNREACHABLE_CODE = YES;
				CLANG_WARN__DUPLICATE_METHOD_MATCH = YES;
				COPY_PHASE_STRIP = NO;
				DEBUG_INFORMATION_FORMAT = dwarf;
				ENABLE_STRICT_OBJC_MSGSEND = YES;
				ENABLE_TESTABILITY = YES;
				GCC_C_LANGUAGE_STANDARD = gnu11;
				GCC_DYNAMIC_NO_PIC = NO;
				GCC_NO_COMMON_BLOCKS = YES;
				GCC_OPTIMIZATION_LEVEL = 0;
				GCC_PREPROCESSOR_DEFINITIONS = (
					"DEBUG=1",
					"$(inherited)",
				);
				GCC_WARN_64_TO_32_BIT_CONVERSION = YES;
				GCC_WARN_ABOUT_RETURN_TYPE = YES_ERROR;
				GCC_WARN_UNDECLARED_SELECTOR = YES;
				GCC_WARN_UNINITIALIZED_AUTOS = YES_AGGRESSIVE;
				GCC_WARN_UNUSED_FUNCTION = YES;
				GCC_WARN_UNUSED_VARIABLE = YES;
				MACOSX_DEPLOYMENT_TARGET = 11.3;
				MTL_ENABLE_DEBUG_INFO = INCLUDE_SOURCE;
				MTL_FAST_MATH = YES;
				ONLY_ACTIVE_ARCH = YES;
				SDKROOT = macosx;
				SWIFT_ACTIVE_COMPILATION_CONDITIONS = DEBUG;
				SWIFT_OPTIMIZATION_LEVEL = "-Onone";
			};
			name = Debug;
		};
		4CD00B8126BFBD8B00AC491E /* Release */ = {
			isa = XCBuildConfiguration;
			buildSettings = {
				ALWAYS_SEARCH_USER_PATHS = NO;
				CLANG_ANALYZER_NONNULL = YES;
				CLANG_ANALYZER_NUMBER_OBJECT_CONVERSION = YES_AGGRESSIVE;
				CLANG_CXX_LANGUAGE_STANDARD = "gnu++14";
				CLANG_CXX_LIBRARY = "libc++";
				CLANG_ENABLE_MODULES = YES;
				CLANG_ENABLE_OBJC_ARC = YES;
				CLANG_ENABLE_OBJC_WEAK = YES;
				CLANG_WARN_BLOCK_CAPTURE_AUTORELEASING = YES;
				CLANG_WARN_BOOL_CONVERSION = YES;
				CLANG_WARN_COMMA = YES;
				CLANG_WARN_CONSTANT_CONVERSION = YES;
				CLANG_WARN_DEPRECATED_OBJC_IMPLEMENTATIONS = YES;
				CLANG_WARN_DIRECT_OBJC_ISA_USAGE = YES_ERROR;
				CLANG_WARN_DOCUMENTATION_COMMENTS = YES;
				CLANG_WARN_EMPTY_BODY = YES;
				CLANG_WARN_ENUM_CONVERSION = YES;
				CLANG_WARN_INFINITE_RECURSION = YES;
				CLANG_WARN_INT_CONVERSION = YES;
				CLANG_WARN_NON_LITERAL_NULL_CONVERSION = YES;
				CLANG_WARN_OBJC_IMPLICIT_RETAIN_SELF = YES;
				CLANG_WARN_OBJC_LITERAL_CONVERSION = YES;
				CLANG_WARN_OBJC_ROOT_CLASS = YES_ERROR;
				CLANG_WARN_QUOTED_INCLUDE_IN_FRAMEWORK_HEADER = YES;
				CLANG_WARN_RANGE_LOOP_ANALYSIS = YES;
				CLANG_WARN_STRICT_PROTOTYPES = YES;
				CLANG_WARN_SUSPICIOUS_MOVE = YES;
				CLANG_WARN_UNGUARDED_AVAILABILITY = YES_AGGRESSIVE;
				CLANG_WARN_UNREACHABLE_CODE = YES;
				CLANG_WARN__DUPLICATE_METHOD_MATCH = YES;
				COPY_PHASE_STRIP = NO;
				DEBUG_INFORMATION_FORMAT = "dwarf-with-dsym";
				ENABLE_NS_ASSERTIONS = NO;
				ENABLE_STRICT_OBJC_MSGSEND = YES;
				GCC_C_LANGUAGE_STANDARD = gnu11;
				GCC_NO_COMMON_BLOCKS = YES;
				GCC_WARN_64_TO_32_BIT_CONVERSION = YES;
				GCC_WARN_ABOUT_RETURN_TYPE = YES_ERROR;
				GCC_WARN_UNDECLARED_SELECTOR = YES;
				GCC_WARN_UNINITIALIZED_AUTOS = YES_AGGRESSIVE;
				GCC_WARN_UNUSED_FUNCTION = YES;
				GCC_WARN_UNUSED_VARIABLE = YES;
				MACOSX_DEPLOYMENT_TARGET = 11.3;
				MTL_ENABLE_DEBUG_INFO = NO;
				MTL_FAST_MATH = YES;
				SDKROOT = macosx;
				SWIFT_COMPILATION_MODE = wholemodule;
				SWIFT_OPTIMIZATION_LEVEL = "-O";
			};
			name = Release;
		};
		4CD00B8326BFBD8B00AC491E /* Debug */ = {
			isa = XCBuildConfiguration;
			buildSettings = {
				ASSETCATALOG_COMPILER_APPICON_NAME = AppIcon;
				ASSETCATALOG_COMPILER_GLOBAL_ACCENT_COLOR_NAME = AccentColor;
				CODE_SIGN_ENTITLEMENTS = "JustTo-DoList/JustTo_DoList.entitlements";
				CODE_SIGN_STYLE = Automatic;
				COMBINE_HIDPI_IMAGES = YES;
				DEVELOPMENT_TEAM = 48KV35Y6PN;
				ENABLE_HARDENED_RUNTIME = YES;
				INFOPLIST_FILE = "JustTo-DoList/Info.plist";
				LD_RUNPATH_SEARCH_PATHS = (
					"$(inherited)",
					"@executable_path/../Frameworks",
				);
				MACOSX_DEPLOYMENT_TARGET = 11.0;
				PRODUCT_BUNDLE_IDENTIFIER = "com.antoncherkasov.JustTo-DoList";
				PRODUCT_NAME = "$(TARGET_NAME)";
				SWIFT_VERSION = 5.0;
			};
			name = Debug;
		};
		4CD00B8426BFBD8B00AC491E /* Release */ = {
			isa = XCBuildConfiguration;
			buildSettings = {
				ASSETCATALOG_COMPILER_APPICON_NAME = AppIcon;
				ASSETCATALOG_COMPILER_GLOBAL_ACCENT_COLOR_NAME = AccentColor;
				CODE_SIGN_ENTITLEMENTS = "JustTo-DoList/JustTo_DoList.entitlements";
				CODE_SIGN_STYLE = Automatic;
				COMBINE_HIDPI_IMAGES = YES;
				DEVELOPMENT_TEAM = 48KV35Y6PN;
				ENABLE_HARDENED_RUNTIME = YES;
				INFOPLIST_FILE = "JustTo-DoList/Info.plist";
				LD_RUNPATH_SEARCH_PATHS = (
					"$(inherited)",
					"@executable_path/../Frameworks",
				);
				MACOSX_DEPLOYMENT_TARGET = 11.0;
				PRODUCT_BUNDLE_IDENTIFIER = "com.antoncherkasov.JustTo-DoList";
				PRODUCT_NAME = "$(TARGET_NAME)";
				SWIFT_VERSION = 5.0;
			};
			name = Release;
		};
/* End XCBuildConfiguration section */

/* Begin XCConfigurationList section */
		4CD00B6A26BFBD8A00AC491E /* Build configuration list for PBXProject "JustTo-DoList" */ = {
			isa = XCConfigurationList;
			buildConfigurations = (
				4CD00B8026BFBD8B00AC491E /* Debug */,
				4CD00B8126BFBD8B00AC491E /* Release */,
			);
			defaultConfigurationIsVisible = 0;
			defaultConfigurationName = Release;
		};
		4CD00B8226BFBD8B00AC491E /* Build configuration list for PBXNativeTarget "JustTo-DoList" */ = {
			isa = XCConfigurationList;
			buildConfigurations = (
				4CD00B8326BFBD8B00AC491E /* Debug */,
				4CD00B8426BFBD8B00AC491E /* Release */,
			);
			defaultConfigurationIsVisible = 0;
			defaultConfigurationName = Release;
		};
/* End XCConfigurationList section */

/* Begin XCVersionGroup section */
		4CD00B7626BFBD8A00AC491E /* JustTo_DoList.xcdatamodeld */ = {
			isa = XCVersionGroup;
			children = (
				4CD00B7726BFBD8A00AC491E /* JustTo_DoList.xcdatamodel */,
			);
			currentVersion = 4CD00B7726BFBD8A00AC491E /* JustTo_DoList.xcdatamodel */;
			path = JustTo_DoList.xcdatamodeld;
			sourceTree = "<group>";
			versionGroupType = wrapper.xcdatamodel;
		};
/* End XCVersionGroup section */
	};
	rootObject = 4CD00B6726BFBD8A00AC491E /* Project object */;
}
