// !$*UTF8*$!
{
	archiveVersion = 1;
	classes = {
	};
	objectVersion = 52;
	objects = {

/* Begin PBXBuildFile section */
		4C285DDF270B3AB300FDC23E /* AppDelegate.swift in Sources */ = {isa = PBXBuildFile; fileRef = 4C285DDE270B3AB300FDC23E /* AppDelegate.swift */; };
		4C285DE1270B3AB300FDC23E /* SceneDelegate.swift in Sources */ = {isa = PBXBuildFile; fileRef = 4C285DE0270B3AB300FDC23E /* SceneDelegate.swift */; };
		4C285DE3270B3AB300FDC23E /* ViewController.swift in Sources */ = {isa = PBXBuildFile; fileRef = 4C285DE2270B3AB300FDC23E /* ViewController.swift */; };
		4C285DEB270B3AB500FDC23E /* Assets.xcassets in Resources */ = {isa = PBXBuildFile; fileRef = 4C285DEA270B3AB500FDC23E /* Assets.xcassets */; };
		4C285DEE270B3AB500FDC23E /* LaunchScreen.storyboard in Resources */ = {isa = PBXBuildFile; fileRef = 4C285DEC270B3AB500FDC23E /* LaunchScreen.storyboard */; };
		4C285DF4270B3C2A00FDC23E /* Task+CoreDataClass.swift in Sources */ = {isa = PBXBuildFile; fileRef = 4CD00BA626C1820100AC491E /* Task+CoreDataClass.swift */; };
		4C285DF5270B3C2E00FDC23E /* Task+CoreDataProperties.swift in Sources */ = {isa = PBXBuildFile; fileRef = 4CD00BA726C1820100AC491E /* Task+CoreDataProperties.swift */; };
		4C285DF7270B3C3A00FDC23E /* CoreDataStorage.swift in Sources */ = {isa = PBXBuildFile; fileRef = 4CD00B9B26C05E2700AC491E /* CoreDataStorage.swift */; };
		4C30A9D4270D8097000299E7 /* ContentViewController.swift in Sources */ = {isa = PBXBuildFile; fileRef = 4C30A9D3270D8097000299E7 /* ContentViewController.swift */; };
		4C30A9D5270D83EC000299E7 /* JustTo_DoList.xcdatamodeld in Sources */ = {isa = PBXBuildFile; fileRef = 4CD00B7626BFBD8A00AC491E /* JustTo_DoList.xcdatamodeld */; };
		4C30A9D8270D9007000299E7 /* CoreDataStore in Frameworks */ = {isa = PBXBuildFile; productRef = 4C30A9D7270D9007000299E7 /* CoreDataStore */; };
		4C30A9DB270EB9FF000299E7 /* ContentViewPresenter.swift in Sources */ = {isa = PBXBuildFile; fileRef = 4C30A9DA270EB9FF000299E7 /* ContentViewPresenter.swift */; };
		4C30A9DC270EB9FF000299E7 /* ContentViewPresenter.swift in Sources */ = {isa = PBXBuildFile; fileRef = 4C30A9DA270EB9FF000299E7 /* ContentViewPresenter.swift */; };
		4C30A9E0270F8215000299E7 /* String Extension.swift in Sources */ = {isa = PBXBuildFile; fileRef = 4C30A9DF270F8215000299E7 /* String Extension.swift */; };
		4C30A9E1270F8215000299E7 /* String Extension.swift in Sources */ = {isa = PBXBuildFile; fileRef = 4C30A9DF270F8215000299E7 /* String Extension.swift */; };
		4C30A9E4270F9CB9000299E7 /* NSView Extension.swift in Sources */ = {isa = PBXBuildFile; fileRef = 4C30A9E3270F9CB9000299E7 /* NSView Extension.swift */; };
		4C30A9E7271013F0000299E7 /* README.md in Resources */ = {isa = PBXBuildFile; fileRef = 4C30A9E6271013F0000299E7 /* README.md */; };
		4C30A9E8271013F0000299E7 /* README.md in Resources */ = {isa = PBXBuildFile; fileRef = 4C30A9E6271013F0000299E7 /* README.md */; };
		4C3372E326E7E1A50035E5CF /* DefaultViewController.swift in Sources */ = {isa = PBXBuildFile; fileRef = 4C3372E226E7E1A50035E5CF /* DefaultViewController.swift */; };
		4C48B65626C2570B001DCA1E /* ContentView TableView Data Source.swift in Sources */ = {isa = PBXBuildFile; fileRef = 4C48B65526C2570B001DCA1E /* ContentView TableView Data Source.swift */; };
		4C48B65C26C295BC001DCA1E /* ToggleCellView.swift in Sources */ = {isa = PBXBuildFile; fileRef = 4C48B65A26C295BC001DCA1E /* ToggleCellView.swift */; };
		4C48B65D26C295BC001DCA1E /* TextCellView.swift in Sources */ = {isa = PBXBuildFile; fileRef = 4C48B65B26C295BC001DCA1E /* TextCellView.swift */; };
		4C48B66126C295C4001DCA1E /* HeaderCellView.swift in Sources */ = {isa = PBXBuildFile; fileRef = 4C48B65F26C295C4001DCA1E /* HeaderCellView.swift */; };
		4C48B66226C295C4001DCA1E /* SibebarCellView.swift in Sources */ = {isa = PBXBuildFile; fileRef = 4C48B66026C295C4001DCA1E /* SibebarCellView.swift */; };
		4C48B66726C295E4001DCA1E /* AnimationButton.swift in Sources */ = {isa = PBXBuildFile; fileRef = 4C48B66426C295E4001DCA1E /* AnimationButton.swift */; };
		4C48B66826C295E4001DCA1E /* CheckBox.swift in Sources */ = {isa = PBXBuildFile; fileRef = 4C48B66526C295E4001DCA1E /* CheckBox.swift */; };
		4C48B66926C295E4001DCA1E /* CGMutablePath Extension.swift in Sources */ = {isa = PBXBuildFile; fileRef = 4C48B66626C295E4001DCA1E /* CGMutablePath Extension.swift */; };
		4C48B66B26C29621001DCA1E /* ContentView TableView Delegate.swift in Sources */ = {isa = PBXBuildFile; fileRef = 4C48B66A26C29621001DCA1E /* ContentView TableView Delegate.swift */; };
		4C48B66D26C2EE39001DCA1E /* ContentView Menu Extension.swift in Sources */ = {isa = PBXBuildFile; fileRef = 4C48B66C26C2EE39001DCA1E /* ContentView Menu Extension.swift */; };
		4C48B67226C2EEF4001DCA1E /* NSTableView Extension.swift in Sources */ = {isa = PBXBuildFile; fileRef = 4C48B67126C2EEF4001DCA1E /* NSTableView Extension.swift */; };
		4C48B67426C44643001DCA1E /* ContentView Touchbar Extension.swift in Sources */ = {isa = PBXBuildFile; fileRef = 4C48B67326C44643001DCA1E /* ContentView Touchbar Extension.swift */; };
		4C48B67626C50815001DCA1E /* sound.mp3 in Resources */ = {isa = PBXBuildFile; fileRef = 4C48B67526C50815001DCA1E /* sound.mp3 */; };
		4C768C7126F7DFEA008E0EE6 /* AnimatableLayer.swift in Sources */ = {isa = PBXBuildFile; fileRef = 4C768C7026F7DFEA008E0EE6 /* AnimatableLayer.swift */; };
		4CD00B7326BFBD8A00AC491E /* AppDelegate.swift in Sources */ = {isa = PBXBuildFile; fileRef = 4CD00B7226BFBD8A00AC491E /* AppDelegate.swift */; };
		4CD00B7826BFBD8A00AC491E /* JustTo_DoList.xcdatamodeld in Sources */ = {isa = PBXBuildFile; fileRef = 4CD00B7626BFBD8A00AC491E /* JustTo_DoList.xcdatamodeld */; };
		4CD00B7A26BFBD8B00AC491E /* Assets.xcassets in Resources */ = {isa = PBXBuildFile; fileRef = 4CD00B7926BFBD8B00AC491E /* Assets.xcassets */; };
		4CD00B8626BFC00300AC491E /* main.swift in Sources */ = {isa = PBXBuildFile; fileRef = 4CD00B8526BFC00300AC491E /* main.swift */; };
		4CD00B8926BFC16B00AC491E /* MainSplitViewController.swift in Sources */ = {isa = PBXBuildFile; fileRef = 4CD00B8826BFC16B00AC491E /* MainSplitViewController.swift */; };
		4CD00B8D26BFCB9800AC491E /* MainWindowController.swift in Sources */ = {isa = PBXBuildFile; fileRef = 4CD00B8C26BFCB9800AC491E /* MainWindowController.swift */; };
		4CD00B9126BFDC6500AC491E /* Core Data Model.swift in Sources */ = {isa = PBXBuildFile; fileRef = 4CD00B9026BFDC6500AC491E /* Core Data Model.swift */; };
		4CD00B9326BFF17500AC491E /* ContentView.swift in Sources */ = {isa = PBXBuildFile; fileRef = 4CD00B9226BFF17500AC491E /* ContentView.swift */; };
		4CD00B9626BFF1BA00AC491E /* TableBuilder.swift in Sources */ = {isa = PBXBuildFile; fileRef = 4CD00B9526BFF1BA00AC491E /* TableBuilder.swift */; };
		4CD00B9926C0542A00AC491E /* ContentView Actions Extension.swift in Sources */ = {isa = PBXBuildFile; fileRef = 4CD00B9826C0542A00AC491E /* ContentView Actions Extension.swift */; };
		4CD00B9C26C05E2700AC491E /* CoreDataStorage.swift in Sources */ = {isa = PBXBuildFile; fileRef = 4CD00B9B26C05E2700AC491E /* CoreDataStorage.swift */; };
		4CD00BA026C066F700AC491E /* Localizable.strings in Resources */ = {isa = PBXBuildFile; fileRef = 4CD00BA226C066F700AC491E /* Localizable.strings */; };
		4CD00BA826C1820100AC491E /* Task+CoreDataClass.swift in Sources */ = {isa = PBXBuildFile; fileRef = 4CD00BA626C1820100AC491E /* Task+CoreDataClass.swift */; };
		4CD00BA926C1820100AC491E /* Task+CoreDataProperties.swift in Sources */ = {isa = PBXBuildFile; fileRef = 4CD00BA726C1820100AC491E /* Task+CoreDataProperties.swift */; };
/* End PBXBuildFile section */

/* Begin PBXFileReference section */
		4C285DDC270B3AB300FDC23E /* JustTo-DoList-IOS.app */ = {isa = PBXFileReference; explicitFileType = wrapper.application; includeInIndex = 0; path = "JustTo-DoList-IOS.app"; sourceTree = BUILT_PRODUCTS_DIR; };
		4C285DDE270B3AB300FDC23E /* AppDelegate.swift */ = {isa = PBXFileReference; lastKnownFileType = sourcecode.swift; path = AppDelegate.swift; sourceTree = "<group>"; };
		4C285DE0270B3AB300FDC23E /* SceneDelegate.swift */ = {isa = PBXFileReference; lastKnownFileType = sourcecode.swift; path = SceneDelegate.swift; sourceTree = "<group>"; };
		4C285DE2270B3AB300FDC23E /* ViewController.swift */ = {isa = PBXFileReference; lastKnownFileType = sourcecode.swift; path = ViewController.swift; sourceTree = "<group>"; };
		4C285DEA270B3AB500FDC23E /* Assets.xcassets */ = {isa = PBXFileReference; lastKnownFileType = folder.assetcatalog; path = Assets.xcassets; sourceTree = "<group>"; };
		4C285DED270B3AB500FDC23E /* Base */ = {isa = PBXFileReference; lastKnownFileType = file.storyboard; name = Base; path = Base.lproj/LaunchScreen.storyboard; sourceTree = "<group>"; };
		4C285DEF270B3AB500FDC23E /* Info.plist */ = {isa = PBXFileReference; lastKnownFileType = text.plist.xml; path = Info.plist; sourceTree = "<group>"; };
		4C30A9D3270D8097000299E7 /* ContentViewController.swift */ = {isa = PBXFileReference; lastKnownFileType = sourcecode.swift; path = ContentViewController.swift; sourceTree = "<group>"; };
		4C30A9DA270EB9FF000299E7 /* ContentViewPresenter.swift */ = {isa = PBXFileReference; lastKnownFileType = sourcecode.swift; path = ContentViewPresenter.swift; sourceTree = "<group>"; };
		4C30A9DF270F8215000299E7 /* String Extension.swift */ = {isa = PBXFileReference; lastKnownFileType = sourcecode.swift; path = "String Extension.swift"; sourceTree = "<group>"; };
		4C30A9E3270F9CB9000299E7 /* NSView Extension.swift */ = {isa = PBXFileReference; lastKnownFileType = sourcecode.swift; path = "NSView Extension.swift"; sourceTree = "<group>"; };
		4C30A9E6271013F0000299E7 /* README.md */ = {isa = PBXFileReference; lastKnownFileType = net.daringfireball.markdown; path = README.md; sourceTree = "<group>"; };
		4C3372E226E7E1A50035E5CF /* DefaultViewController.swift */ = {isa = PBXFileReference; lastKnownFileType = sourcecode.swift; path = DefaultViewController.swift; sourceTree = "<group>"; };
		4C48B65526C2570B001DCA1E /* ContentView TableView Data Source.swift */ = {isa = PBXFileReference; lastKnownFileType = sourcecode.swift; path = "ContentView TableView Data Source.swift"; sourceTree = "<group>"; };
		4C48B65A26C295BC001DCA1E /* ToggleCellView.swift */ = {isa = PBXFileReference; fileEncoding = 4; lastKnownFileType = sourcecode.swift; path = ToggleCellView.swift; sourceTree = "<group>"; };
		4C48B65B26C295BC001DCA1E /* TextCellView.swift */ = {isa = PBXFileReference; fileEncoding = 4; lastKnownFileType = sourcecode.swift; path = TextCellView.swift; sourceTree = "<group>"; };
		4C48B65F26C295C4001DCA1E /* HeaderCellView.swift */ = {isa = PBXFileReference; fileEncoding = 4; lastKnownFileType = sourcecode.swift; path = HeaderCellView.swift; sourceTree = "<group>"; };
		4C48B66026C295C4001DCA1E /* SibebarCellView.swift */ = {isa = PBXFileReference; fileEncoding = 4; lastKnownFileType = sourcecode.swift; path = SibebarCellView.swift; sourceTree = "<group>"; };
		4C48B66426C295E4001DCA1E /* AnimationButton.swift */ = {isa = PBXFileReference; fileEncoding = 4; lastKnownFileType = sourcecode.swift; path = AnimationButton.swift; sourceTree = "<group>"; };
		4C48B66526C295E4001DCA1E /* CheckBox.swift */ = {isa = PBXFileReference; fileEncoding = 4; lastKnownFileType = sourcecode.swift; path = CheckBox.swift; sourceTree = "<group>"; };
		4C48B66626C295E4001DCA1E /* CGMutablePath Extension.swift */ = {isa = PBXFileReference; fileEncoding = 4; lastKnownFileType = sourcecode.swift; path = "CGMutablePath Extension.swift"; sourceTree = "<group>"; };
		4C48B66A26C29621001DCA1E /* ContentView TableView Delegate.swift */ = {isa = PBXFileReference; lastKnownFileType = sourcecode.swift; path = "ContentView TableView Delegate.swift"; sourceTree = "<group>"; };
		4C48B66C26C2EE39001DCA1E /* ContentView Menu Extension.swift */ = {isa = PBXFileReference; fileEncoding = 4; lastKnownFileType = sourcecode.swift; path = "ContentView Menu Extension.swift"; sourceTree = "<group>"; };
		4C48B67126C2EEF4001DCA1E /* NSTableView Extension.swift */ = {isa = PBXFileReference; lastKnownFileType = sourcecode.swift; path = "NSTableView Extension.swift"; sourceTree = "<group>"; };
		4C48B67326C44643001DCA1E /* ContentView Touchbar Extension.swift */ = {isa = PBXFileReference; fileEncoding = 4; lastKnownFileType = sourcecode.swift; path = "ContentView Touchbar Extension.swift"; sourceTree = "<group>"; };
		4C48B67526C50815001DCA1E /* sound.mp3 */ = {isa = PBXFileReference; lastKnownFileType = audio.mp3; path = sound.mp3; sourceTree = "<group>"; };
		4C768C7026F7DFEA008E0EE6 /* AnimatableLayer.swift */ = {isa = PBXFileReference; lastKnownFileType = sourcecode.swift; path = AnimatableLayer.swift; sourceTree = "<group>"; };
		4CD00B6F26BFBD8A00AC491E /* JustTo-DoList.app */ = {isa = PBXFileReference; explicitFileType = wrapper.application; includeInIndex = 0; path = "JustTo-DoList.app"; sourceTree = BUILT_PRODUCTS_DIR; };
		4CD00B7226BFBD8A00AC491E /* AppDelegate.swift */ = {isa = PBXFileReference; lastKnownFileType = sourcecode.swift; path = AppDelegate.swift; sourceTree = "<group>"; };
		4CD00B7726BFBD8A00AC491E /* JustTo_DoList.xcdatamodel */ = {isa = PBXFileReference; lastKnownFileType = wrapper.xcdatamodel; path = JustTo_DoList.xcdatamodel; sourceTree = "<group>"; };
		4CD00B7926BFBD8B00AC491E /* Assets.xcassets */ = {isa = PBXFileReference; lastKnownFileType = folder.assetcatalog; path = Assets.xcassets; sourceTree = "<group>"; };
		4CD00B7E26BFBD8B00AC491E /* Info.plist */ = {isa = PBXFileReference; lastKnownFileType = text.plist.xml; path = Info.plist; sourceTree = "<group>"; };
		4CD00B7F26BFBD8B00AC491E /* JustTo_DoList.entitlements */ = {isa = PBXFileReference; lastKnownFileType = text.plist.entitlements; path = JustTo_DoList.entitlements; sourceTree = "<group>"; };
		4CD00B8526BFC00300AC491E /* main.swift */ = {isa = PBXFileReference; lastKnownFileType = sourcecode.swift; path = main.swift; sourceTree = "<group>"; };
		4CD00B8826BFC16B00AC491E /* MainSplitViewController.swift */ = {isa = PBXFileReference; lastKnownFileType = sourcecode.swift; path = MainSplitViewController.swift; sourceTree = "<group>"; };
		4CD00B8C26BFCB9800AC491E /* MainWindowController.swift */ = {isa = PBXFileReference; lastKnownFileType = sourcecode.swift; path = MainWindowController.swift; sourceTree = "<group>"; };
		4CD00B9026BFDC6500AC491E /* Core Data Model.swift */ = {isa = PBXFileReference; lastKnownFileType = sourcecode.swift; path = "Core Data Model.swift"; sourceTree = "<group>"; };
		4CD00B9226BFF17500AC491E /* ContentView.swift */ = {isa = PBXFileReference; lastKnownFileType = sourcecode.swift; path = ContentView.swift; sourceTree = "<group>"; };
		4CD00B9526BFF1BA00AC491E /* TableBuilder.swift */ = {isa = PBXFileReference; fileEncoding = 4; lastKnownFileType = sourcecode.swift; path = TableBuilder.swift; sourceTree = "<group>"; };
		4CD00B9826C0542A00AC491E /* ContentView Actions Extension.swift */ = {isa = PBXFileReference; lastKnownFileType = sourcecode.swift; path = "ContentView Actions Extension.swift"; sourceTree = "<group>"; };
		4CD00B9B26C05E2700AC491E /* CoreDataStorage.swift */ = {isa = PBXFileReference; lastKnownFileType = sourcecode.swift; path = CoreDataStorage.swift; sourceTree = "<group>"; };
		4CD00BA126C066F700AC491E /* ru */ = {isa = PBXFileReference; lastKnownFileType = text.plist.strings; name = ru; path = ru.lproj/Localizable.strings; sourceTree = "<group>"; };
		4CD00BA326C066FD00AC491E /* en */ = {isa = PBXFileReference; lastKnownFileType = text.plist.strings; name = en; path = en.lproj/Localizable.strings; sourceTree = "<group>"; };
		4CD00BA626C1820100AC491E /* Task+CoreDataClass.swift */ = {isa = PBXFileReference; lastKnownFileType = sourcecode.swift; path = "Task+CoreDataClass.swift"; sourceTree = "<group>"; };
		4CD00BA726C1820100AC491E /* Task+CoreDataProperties.swift */ = {isa = PBXFileReference; lastKnownFileType = sourcecode.swift; path = "Task+CoreDataProperties.swift"; sourceTree = "<group>"; };
/* End PBXFileReference section */

/* Begin PBXFrameworksBuildPhase section */
		4C285DD9270B3AB300FDC23E /* Frameworks */ = {
			isa = PBXFrameworksBuildPhase;
			buildActionMask = 2147483647;
			files = (
			);
			runOnlyForDeploymentPostprocessing = 0;
		};
		4CD00B6C26BFBD8A00AC491E /* Frameworks */ = {
			isa = PBXFrameworksBuildPhase;
			buildActionMask = 2147483647;
			files = (
				4C30A9D8270D9007000299E7 /* CoreDataStore in Frameworks */,
			);
			runOnlyForDeploymentPostprocessing = 0;
		};
/* End PBXFrameworksBuildPhase section */

/* Begin PBXGroup section */
		4C285DDD270B3AB300FDC23E /* JustTo-DoList-IOS */ = {
			isa = PBXGroup;
			children = (
				4C285DDE270B3AB300FDC23E /* AppDelegate.swift */,
				4C285DF9270B431E00FDC23E /* View Controllers */,
				4C285DE0270B3AB300FDC23E /* SceneDelegate.swift */,
				4C285DEA270B3AB500FDC23E /* Assets.xcassets */,
				4C285DEC270B3AB500FDC23E /* LaunchScreen.storyboard */,
				4C285DEF270B3AB500FDC23E /* Info.plist */,
			);
			path = "JustTo-DoList-IOS";
			sourceTree = "<group>";
		};
		4C285DF3270B3BEB00FDC23E /* Shared */ = {
			isa = PBXGroup;
			children = (
				4C30A9DD270F4AA7000299E7 /* Model */,
				4C30A9D9270EB9D5000299E7 /* Presenters */,
			);
			path = Shared;
			sourceTree = "<group>";
		};
		4C285DF9270B431E00FDC23E /* View Controllers */ = {
			isa = PBXGroup;
			children = (
				4C285DE2270B3AB300FDC23E /* ViewController.swift */,
				4C30A9D3270D8097000299E7 /* ContentViewController.swift */,
			);
			path = "View Controllers";
			sourceTree = "<group>";
		};
		4C30A9D9270EB9D5000299E7 /* Presenters */ = {
			isa = PBXGroup;
			children = (
				4C30A9DA270EB9FF000299E7 /* ContentViewPresenter.swift */,
			);
			path = Presenters;
			sourceTree = "<group>";
		};
		4C30A9DD270F4AA7000299E7 /* Model */ = {
			isa = PBXGroup;
			children = (
				4CD00B8F26BFDC4E00AC491E /* Core Data */,
			);
			path = Model;
			sourceTree = "<group>";
		};
		4C30A9DE270F4AC6000299E7 /* Resource */ = {
			isa = PBXGroup;
			children = (
				4CD00B7926BFBD8B00AC491E /* Assets.xcassets */,
				4C48B67526C50815001DCA1E /* sound.mp3 */,
				4CD00BA226C066F700AC491E /* Localizable.strings */,
			);
			path = Resource;
			sourceTree = "<group>";
		};
		4C30A9E2270F89E0000299E7 /* Animation Layer */ = {
			isa = PBXGroup;
			children = (
				4C768C7026F7DFEA008E0EE6 /* AnimatableLayer.swift */,
			);
			path = "Animation Layer";
			sourceTree = "<group>";
		};
		4C48B65726C27B7E001DCA1E /* Entities */ = {
			isa = PBXGroup;
			children = (
				4CD00BA626C1820100AC491E /* Task+CoreDataClass.swift */,
				4CD00BA726C1820100AC491E /* Task+CoreDataProperties.swift */,
			);
			path = Entities;
			sourceTree = "<group>";
		};
		4C48B65826C295A6001DCA1E /* TableView Cells */ = {
			isa = PBXGroup;
			children = (
				4C48B65E26C295C4001DCA1E /* Sidebar Cells */,
				4C48B65926C295BC001DCA1E /* Content Cells */,
			);
			path = "TableView Cells";
			sourceTree = "<group>";
		};
		4C48B65926C295BC001DCA1E /* Content Cells */ = {
			isa = PBXGroup;
			children = (
				4C48B65A26C295BC001DCA1E /* ToggleCellView.swift */,
				4C48B65B26C295BC001DCA1E /* TextCellView.swift */,
			);
			path = "Content Cells";
			sourceTree = "<group>";
		};
		4C48B65E26C295C4001DCA1E /* Sidebar Cells */ = {
			isa = PBXGroup;
			children = (
				4C48B65F26C295C4001DCA1E /* HeaderCellView.swift */,
				4C48B66026C295C4001DCA1E /* SibebarCellView.swift */,
			);
			path = "Sidebar Cells";
			sourceTree = "<group>";
		};
		4C48B66326C295CF001DCA1E /* Custom Views */ = {
			isa = PBXGroup;
			children = (
				4CD00B9426BFF1BA00AC491E /* Builders */,
				4C48B65826C295A6001DCA1E /* TableView Cells */,
				4C768C6F26F15E56008E0EE6 /* Buttons */,
			);
			path = "Custom Views";
			sourceTree = "<group>";
		};
		4C48B67026C2EE98001DCA1E /* Extensions */ = {
			isa = PBXGroup;
			children = (
				4C48B67126C2EEF4001DCA1E /* NSTableView Extension.swift */,
				4C48B66626C295E4001DCA1E /* CGMutablePath Extension.swift */,
				4C30A9DF270F8215000299E7 /* String Extension.swift */,
				4C30A9E3270F9CB9000299E7 /* NSView Extension.swift */,
			);
			path = Extensions;
			sourceTree = "<group>";
		};
		4C768C6F26F15E56008E0EE6 /* Buttons */ = {
			isa = PBXGroup;
			children = (
				4C48B66426C295E4001DCA1E /* AnimationButton.swift */,
				4C48B66526C295E4001DCA1E /* CheckBox.swift */,
			);
			path = Buttons;
			sourceTree = "<group>";
		};
		4CD00B6626BFBD8A00AC491E = {
			isa = PBXGroup;
			children = (
				4C30A9E6271013F0000299E7 /* README.md */,
				4C285DF3270B3BEB00FDC23E /* Shared */,
				4CD00B7126BFBD8A00AC491E /* JustTo-DoList */,
				4C285DDD270B3AB300FDC23E /* JustTo-DoList-IOS */,
				4CD00B7026BFBD8A00AC491E /* Products */,
			);
			sourceTree = "<group>";
		};
		4CD00B7026BFBD8A00AC491E /* Products */ = {
			isa = PBXGroup;
			children = (
				4CD00B6F26BFBD8A00AC491E /* JustTo-DoList.app */,
				4C285DDC270B3AB300FDC23E /* JustTo-DoList-IOS.app */,
			);
			name = Products;
			sourceTree = "<group>";
		};
		4CD00B7126BFBD8A00AC491E /* JustTo-DoList */ = {
			isa = PBXGroup;
			children = (
				4CD00B7226BFBD8A00AC491E /* AppDelegate.swift */,
				4C48B67026C2EE98001DCA1E /* Extensions */,
				4C30A9E2270F89E0000299E7 /* Animation Layer */,
				4C48B66326C295CF001DCA1E /* Custom Views */,
				4CD00B8E26BFCBA400AC491E /* Window Controllers */,
				4CD00B8726BFC14500AC491E /* View Controllers */,
				4C30A9DE270F4AC6000299E7 /* Resource */,
				4CD00B7E26BFBD8B00AC491E /* Info.plist */,
				4CD00B7F26BFBD8B00AC491E /* JustTo_DoList.entitlements */,
				4CD00B8526BFC00300AC491E /* main.swift */,
				4CD00B9D26C05E8000AC491E /* Temp */,
			);
			path = "JustTo-DoList";
			sourceTree = "<group>";
		};
		4CD00B8726BFC14500AC491E /* View Controllers */ = {
			isa = PBXGroup;
			children = (
				4CD00B8826BFC16B00AC491E /* MainSplitViewController.swift */,
				4C3372E226E7E1A50035E5CF /* DefaultViewController.swift */,
				4CD00B9726C0540000AC491E /* Content View Controller */,
			);
			path = "View Controllers";
			sourceTree = "<group>";
		};
		4CD00B8E26BFCBA400AC491E /* Window Controllers */ = {
			isa = PBXGroup;
			children = (
				4CD00B8C26BFCB9800AC491E /* MainWindowController.swift */,
			);
			path = "Window Controllers";
			sourceTree = "<group>";
		};
		4CD00B8F26BFDC4E00AC491E /* Core Data */ = {
			isa = PBXGroup;
			children = (
				4CD00B7626BFBD8A00AC491E /* JustTo_DoList.xcdatamodeld */,
				4CD00B9B26C05E2700AC491E /* CoreDataStorage.swift */,
				4C48B65726C27B7E001DCA1E /* Entities */,
			);
			path = "Core Data";
			sourceTree = "<group>";
		};
		4CD00B9426BFF1BA00AC491E /* Builders */ = {
			isa = PBXGroup;
			children = (
				4CD00B9526BFF1BA00AC491E /* TableBuilder.swift */,
			);
			path = Builders;
			sourceTree = "<group>";
		};
		4CD00B9726C0540000AC491E /* Content View Controller */ = {
			isa = PBXGroup;
			children = (
				4CD00B9226BFF17500AC491E /* ContentView.swift */,
				4C48B66C26C2EE39001DCA1E /* ContentView Menu Extension.swift */,
				4CD00B9826C0542A00AC491E /* ContentView Actions Extension.swift */,
				4C48B65526C2570B001DCA1E /* ContentView TableView Data Source.swift */,
				4C48B66A26C29621001DCA1E /* ContentView TableView Delegate.swift */,
				4C48B67326C44643001DCA1E /* ContentView Touchbar Extension.swift */,
			);
			path = "Content View Controller";
			sourceTree = "<group>";
		};
		4CD00B9D26C05E8000AC491E /* Temp */ = {
			isa = PBXGroup;
			children = (
				4CD00B9026BFDC6500AC491E /* Core Data Model.swift */,
			);
			path = Temp;
			sourceTree = "<group>";
		};
/* End PBXGroup section */

/* Begin PBXNativeTarget section */
		4C285DDB270B3AB300FDC23E /* JustTo-DoList-IOS */ = {
			isa = PBXNativeTarget;
			buildConfigurationList = 4C285DF0270B3AB500FDC23E /* Build configuration list for PBXNativeTarget "JustTo-DoList-IOS" */;
			buildPhases = (
				4C285DD8270B3AB300FDC23E /* Sources */,
				4C285DD9270B3AB300FDC23E /* Frameworks */,
				4C285DDA270B3AB300FDC23E /* Resources */,
			);
			buildRules = (
			);
			dependencies = (
			);
			name = "JustTo-DoList-IOS";
			productName = "JustTo-DoList-IOS";
			productReference = 4C285DDC270B3AB300FDC23E /* JustTo-DoList-IOS.app */;
			productType = "com.apple.product-type.application";
		};
		4CD00B6E26BFBD8A00AC491E /* JustTo-DoList */ = {
			isa = PBXNativeTarget;
			buildConfigurationList = 4CD00B8226BFBD8B00AC491E /* Build configuration list for PBXNativeTarget "JustTo-DoList" */;
			buildPhases = (
				4CD00B6B26BFBD8A00AC491E /* Sources */,
				4CD00B6C26BFBD8A00AC491E /* Frameworks */,
				4CD00B6D26BFBD8A00AC491E /* Resources */,
			);
			buildRules = (
			);
			dependencies = (
			);
			name = "JustTo-DoList";
			packageProductDependencies = (
				4C30A9D7270D9007000299E7 /* CoreDataStore */,
			);
			productName = "JustTo-DoList";
			productReference = 4CD00B6F26BFBD8A00AC491E /* JustTo-DoList.app */;
			productType = "com.apple.product-type.application";
		};
/* End PBXNativeTarget section */

/* Begin PBXProject section */
		4CD00B6726BFBD8A00AC491E /* Project object */ = {
			isa = PBXProject;
			attributes = {
				LastSwiftUpdateCheck = 1300;
				LastUpgradeCheck = 1250;
				TargetAttributes = {
					4C285DDB270B3AB300FDC23E = {
						CreatedOnToolsVersion = 13.0;
					};
					4CD00B6E26BFBD8A00AC491E = {
						CreatedOnToolsVersion = 12.5.1;
					};
				};
			};
			buildConfigurationList = 4CD00B6A26BFBD8A00AC491E /* Build configuration list for PBXProject "JustTo-DoList" */;
			compatibilityVersion = "Xcode 9.3";
			developmentRegion = en;
			hasScannedForEncodings = 0;
			knownRegions = (
				en,
				Base,
				ru,
			);
			mainGroup = 4CD00B6626BFBD8A00AC491E;
			packageReferences = (
				4C30A9D6270D9007000299E7 /* XCRemoteSwiftPackageReference "CoreDataStore" */,
			);
			productRefGroup = 4CD00B7026BFBD8A00AC491E /* Products */;
			projectDirPath = "";
			projectRoot = "";
			targets = (
				4CD00B6E26BFBD8A00AC491E /* JustTo-DoList */,
				4C285DDB270B3AB300FDC23E /* JustTo-DoList-IOS */,
			);
		};
/* End PBXProject section */

/* Begin PBXResourcesBuildPhase section */
		4C285DDA270B3AB300FDC23E /* Resources */ = {
			isa = PBXResourcesBuildPhase;
			buildActionMask = 2147483647;
			files = (
				4C30A9E8271013F0000299E7 /* README.md in Resources */,
				4C285DEE270B3AB500FDC23E /* LaunchScreen.storyboard in Resources */,
				4C285DEB270B3AB500FDC23E /* Assets.xcassets in Resources */,
			);
			runOnlyForDeploymentPostprocessing = 0;
		};
		4CD00B6D26BFBD8A00AC491E /* Resources */ = {
			isa = PBXResourcesBuildPhase;
			buildActionMask = 2147483647;
			files = (
				4CD00B7A26BFBD8B00AC491E /* Assets.xcassets in Resources */,
				4C48B67626C50815001DCA1E /* sound.mp3 in Resources */,
				4C30A9E7271013F0000299E7 /* README.md in Resources */,
				4CD00BA026C066F700AC491E /* Localizable.strings in Resources */,
			);
			runOnlyForDeploymentPostprocessing = 0;
		};
/* End PBXResourcesBuildPhase section */

/* Begin PBXSourcesBuildPhase section */
		4C285DD8270B3AB300FDC23E /* Sources */ = {
			isa = PBXSourcesBuildPhase;
			buildActionMask = 2147483647;
			files = (
				4C285DF7270B3C3A00FDC23E /* CoreDataStorage.swift in Sources */,
				4C285DE3270B3AB300FDC23E /* ViewController.swift in Sources */,
				4C285DF4270B3C2A00FDC23E /* Task+CoreDataClass.swift in Sources */,
				4C30A9D4270D8097000299E7 /* ContentViewController.swift in Sources */,
				4C30A9D5270D83EC000299E7 /* JustTo_DoList.xcdatamodeld in Sources */,
				4C30A9DC270EB9FF000299E7 /* ContentViewPresenter.swift in Sources */,
				4C285DDF270B3AB300FDC23E /* AppDelegate.swift in Sources */,
				4C30A9E1270F8215000299E7 /* String Extension.swift in Sources */,
				4C285DE1270B3AB300FDC23E /* SceneDelegate.swift in Sources */,
				4C285DF5270B3C2E00FDC23E /* Task+CoreDataProperties.swift in Sources */,
			);
			runOnlyForDeploymentPostprocessing = 0;
		};
		4CD00B6B26BFBD8A00AC491E /* Sources */ = {
			isa = PBXSourcesBuildPhase;
			buildActionMask = 2147483647;
			files = (
				4C48B67426C44643001DCA1E /* ContentView Touchbar Extension.swift in Sources */,
				4C768C7126F7DFEA008E0EE6 /* AnimatableLayer.swift in Sources */,
				4C48B65D26C295BC001DCA1E /* TextCellView.swift in Sources */,
				4CD00B9926C0542A00AC491E /* ContentView Actions Extension.swift in Sources */,
				4CD00BA826C1820100AC491E /* Task+CoreDataClass.swift in Sources */,
				4C48B66926C295E4001DCA1E /* CGMutablePath Extension.swift in Sources */,
				4CD00B9326BFF17500AC491E /* ContentView.swift in Sources */,
				4C30A9E4270F9CB9000299E7 /* NSView Extension.swift in Sources */,
				4C3372E326E7E1A50035E5CF /* DefaultViewController.swift in Sources */,
				4C30A9DB270EB9FF000299E7 /* ContentViewPresenter.swift in Sources */,
				4C48B66726C295E4001DCA1E /* AnimationButton.swift in Sources */,
				4CD00BA926C1820100AC491E /* Task+CoreDataProperties.swift in Sources */,
				4C48B66B26C29621001DCA1E /* ContentView TableView Delegate.swift in Sources */,
				4CD00B8926BFC16B00AC491E /* MainSplitViewController.swift in Sources */,
				4C48B65626C2570B001DCA1E /* ContentView TableView Data Source.swift in Sources */,
				4CD00B9126BFDC6500AC491E /* Core Data Model.swift in Sources */,
				4CD00B8D26BFCB9800AC491E /* MainWindowController.swift in Sources */,
				4C30A9E0270F8215000299E7 /* String Extension.swift in Sources */,
				4CD00B7326BFBD8A00AC491E /* AppDelegate.swift in Sources */,
				4C48B66D26C2EE39001DCA1E /* ContentView Menu Extension.swift in Sources */,
				4C48B66826C295E4001DCA1E /* CheckBox.swift in Sources */,
				4CD00B9C26C05E2700AC491E /* CoreDataStorage.swift in Sources */,
				4CD00B9626BFF1BA00AC491E /* TableBuilder.swift in Sources */,
				4C48B66226C295C4001DCA1E /* SibebarCellView.swift in Sources */,
				4C48B66126C295C4001DCA1E /* HeaderCellView.swift in Sources */,
				4CD00B8626BFC00300AC491E /* main.swift in Sources */,
				4CD00B7826BFBD8A00AC491E /* JustTo_DoList.xcdatamodeld in Sources */,
				4C48B65C26C295BC001DCA1E /* ToggleCellView.swift in Sources */,
				4C48B67226C2EEF4001DCA1E /* NSTableView Extension.swift in Sources */,
			);
			runOnlyForDeploymentPostprocessing = 0;
		};
/* End PBXSourcesBuildPhase section */

/* Begin PBXVariantGroup section */
		4C285DEC270B3AB500FDC23E /* LaunchScreen.storyboard */ = {
			isa = PBXVariantGroup;
			children = (
				4C285DED270B3AB500FDC23E /* Base */,
			);
			name = LaunchScreen.storyboard;
			sourceTree = "<group>";
		};
		4CD00BA226C066F700AC491E /* Localizable.strings */ = {
			isa = PBXVariantGroup;
			children = (
				4CD00BA126C066F700AC491E /* ru */,
				4CD00BA326C066FD00AC491E /* en */,
			);
			name = Localizable.strings;
			sourceTree = "<group>";
		};
/* End PBXVariantGroup section */

/* Begin XCBuildConfiguration section */
		4C285DF1270B3AB500FDC23E /* Debug */ = {
			isa = XCBuildConfiguration;
			buildSettings = {
				ASSETCATALOG_COMPILER_APPICON_NAME = AppIcon;
				ASSETCATALOG_COMPILER_GLOBAL_ACCENT_COLOR_NAME = AccentColor;
				CLANG_CXX_LANGUAGE_STANDARD = "gnu++17";
				CODE_SIGN_STYLE = Automatic;
				CURRENT_PROJECT_VERSION = 1;
				DEVELOPMENT_TEAM = 48KV35Y6PN;
				GENERATE_INFOPLIST_FILE = YES;
				INFOPLIST_FILE = "JustTo-DoList-IOS/Info.plist";
				INFOPLIST_KEY_UIApplicationSupportsIndirectInputEvents = YES;
				INFOPLIST_KEY_UILaunchStoryboardName = LaunchScreen;
				INFOPLIST_KEY_UISupportedInterfaceOrientations_iPad = "UIInterfaceOrientationPortrait UIInterfaceOrientationPortraitUpsideDown UIInterfaceOrientationLandscapeLeft UIInterfaceOrientationLandscapeRight";
				INFOPLIST_KEY_UISupportedInterfaceOrientations_iPhone = "UIInterfaceOrientationPortrait UIInterfaceOrientationLandscapeLeft UIInterfaceOrientationLandscapeRight";
				IPHONEOS_DEPLOYMENT_TARGET = 15.0;
				LD_RUNPATH_SEARCH_PATHS = (
					"$(inherited)",
					"@executable_path/Frameworks",
				);
				MARKETING_VERSION = 1.0;
				PRODUCT_BUNDLE_IDENTIFIER = "com.antoncherkasov.JustTo-DoList-IOS";
				PRODUCT_NAME = "$(TARGET_NAME)";
				SDKROOT = iphoneos;
				SWIFT_EMIT_LOC_STRINGS = YES;
				SWIFT_VERSION = 5.0;
				TARGETED_DEVICE_FAMILY = "1,2";
			};
			name = Debug;
		};
		4C285DF2270B3AB500FDC23E /* Release */ = {
			isa = XCBuildConfiguration;
			buildSettings = {
				ASSETCATALOG_COMPILER_APPICON_NAME = AppIcon;
				ASSETCATALOG_COMPILER_GLOBAL_ACCENT_COLOR_NAME = AccentColor;
				CLANG_CXX_LANGUAGE_STANDARD = "gnu++17";
				CODE_SIGN_STYLE = Automatic;
				CURRENT_PROJECT_VERSION = 1;
				DEVELOPMENT_TEAM = 48KV35Y6PN;
				GENERATE_INFOPLIST_FILE = YES;
				INFOPLIST_FILE = "JustTo-DoList-IOS/Info.plist";
				INFOPLIST_KEY_UIApplicationSupportsIndirectInputEvents = YES;
				INFOPLIST_KEY_UILaunchStoryboardName = LaunchScreen;
				INFOPLIST_KEY_UISupportedInterfaceOrientations_iPad = "UIInterfaceOrientationPortrait UIInterfaceOrientationPortraitUpsideDown UIInterfaceOrientationLandscapeLeft UIInterfaceOrientationLandscapeRight";
				INFOPLIST_KEY_UISupportedInterfaceOrientations_iPhone = "UIInterfaceOrientationPortrait UIInterfaceOrientationLandscapeLeft UIInterfaceOrientationLandscapeRight";
				IPHONEOS_DEPLOYMENT_TARGET = 15.0;
				LD_RUNPATH_SEARCH_PATHS = (
					"$(inherited)",
					"@executable_path/Frameworks",
				);
				MARKETING_VERSION = 1.0;
				PRODUCT_BUNDLE_IDENTIFIER = "com.antoncherkasov.JustTo-DoList-IOS";
				PRODUCT_NAME = "$(TARGET_NAME)";
				SDKROOT = iphoneos;
				SWIFT_EMIT_LOC_STRINGS = YES;
				SWIFT_VERSION = 5.0;
				TARGETED_DEVICE_FAMILY = "1,2";
				VALIDATE_PRODUCT = YES;
			};
			name = Release;
		};
		4CD00B8026BFBD8B00AC491E /* Debug */ = {
			isa = XCBuildConfiguration;
			buildSettings = {
				ALWAYS_SEARCH_USER_PATHS = NO;
				CLANG_ANALYZER_NONNULL = YES;
				CLANG_ANALYZER_NUMBER_OBJECT_CONVERSION = YES_AGGRESSIVE;
				CLANG_CXX_LANGUAGE_STANDARD = "gnu++14";
				CLANG_CXX_LIBRARY = "libc++";
				CLANG_ENABLE_MODULES = YES;
				CLANG_ENABLE_OBJC_ARC = YES;
				CLANG_ENABLE_OBJC_WEAK = YES;
				CLANG_WARN_BLOCK_CAPTURE_AUTORELEASING = YES;
				CLANG_WARN_BOOL_CONVERSION = YES;
				CLANG_WARN_COMMA = YES;
				CLANG_WARN_CONSTANT_CONVERSION = YES;
				CLANG_WARN_DEPRECATED_OBJC_IMPLEMENTATIONS = YES;
				CLANG_WARN_DIRECT_OBJC_ISA_USAGE = YES_ERROR;
				CLANG_WARN_DOCUMENTATION_COMMENTS = YES;
				CLANG_WARN_EMPTY_BODY = YES;
				CLANG_WARN_ENUM_CONVERSION = YES;
				CLANG_WARN_INFINITE_RECURSION = YES;
				CLANG_WARN_INT_CONVERSION = YES;
				CLANG_WARN_NON_LITERAL_NULL_CONVERSION = YES;
				CLANG_WARN_OBJC_IMPLICIT_RETAIN_SELF = YES;
				CLANG_WARN_OBJC_LITERAL_CONVERSION = YES;
				CLANG_WARN_OBJC_ROOT_CLASS = YES_ERROR;
				CLANG_WARN_QUOTED_INCLUDE_IN_FRAMEWORK_HEADER = YES;
				CLANG_WARN_RANGE_LOOP_ANALYSIS = YES;
				CLANG_WARN_STRICT_PROTOTYPES = YES;
				CLANG_WARN_SUSPICIOUS_MOVE = YES;
				CLANG_WARN_UNGUARDED_AVAILABILITY = YES_AGGRESSIVE;
				CLANG_WARN_UNREACHABLE_CODE = YES;
				CLANG_WARN__DUPLICATE_METHOD_MATCH = YES;
				COPY_PHASE_STRIP = NO;
				DEBUG_INFORMATION_FORMAT = dwarf;
				ENABLE_STRICT_OBJC_MSGSEND = YES;
				ENABLE_TESTABILITY = YES;
				GCC_C_LANGUAGE_STANDARD = gnu11;
				GCC_DYNAMIC_NO_PIC = NO;
				GCC_NO_COMMON_BLOCKS = YES;
				GCC_OPTIMIZATION_LEVEL = 0;
				GCC_PREPROCESSOR_DEFINITIONS = (
					"DEBUG=1",
					"$(inherited)",
				);
				GCC_WARN_64_TO_32_BIT_CONVERSION = YES;
				GCC_WARN_ABOUT_RETURN_TYPE = YES_ERROR;
				GCC_WARN_UNDECLARED_SELECTOR = YES;
				GCC_WARN_UNINITIALIZED_AUTOS = YES_AGGRESSIVE;
				GCC_WARN_UNUSED_FUNCTION = YES;
				GCC_WARN_UNUSED_VARIABLE = YES;
				IPHONEOS_DEPLOYMENT_TARGET = 13.0;
				MACOSX_DEPLOYMENT_TARGET = 11.3;
				MTL_ENABLE_DEBUG_INFO = INCLUDE_SOURCE;
				MTL_FAST_MATH = YES;
				ONLY_ACTIVE_ARCH = YES;
				SDKROOT = macosx;
				SWIFT_ACTIVE_COMPILATION_CONDITIONS = DEBUG;
				SWIFT_OPTIMIZATION_LEVEL = "-Onone";
			};
			name = Debug;
		};
		4CD00B8126BFBD8B00AC491E /* Release */ = {
			isa = XCBuildConfiguration;
			buildSettings = {
				ALWAYS_SEARCH_USER_PATHS = NO;
				CLANG_ANALYZER_NONNULL = YES;
				CLANG_ANALYZER_NUMBER_OBJECT_CONVERSION = YES_AGGRESSIVE;
				CLANG_CXX_LANGUAGE_STANDARD = "gnu++14";
				CLANG_CXX_LIBRARY = "libc++";
				CLANG_ENABLE_MODULES = YES;
				CLANG_ENABLE_OBJC_ARC = YES;
				CLANG_ENABLE_OBJC_WEAK = YES;
				CLANG_WARN_BLOCK_CAPTURE_AUTORELEASING = YES;
				CLANG_WARN_BOOL_CONVERSION = YES;
				CLANG_WARN_COMMA = YES;
				CLANG_WARN_CONSTANT_CONVERSION = YES;
				CLANG_WARN_DEPRECATED_OBJC_IMPLEMENTATIONS = YES;
				CLANG_WARN_DIRECT_OBJC_ISA_USAGE = YES_ERROR;
				CLANG_WARN_DOCUMENTATION_COMMENTS = YES;
				CLANG_WARN_EMPTY_BODY = YES;
				CLANG_WARN_ENUM_CONVERSION = YES;
				CLANG_WARN_INFINITE_RECURSION = YES;
				CLANG_WARN_INT_CONVERSION = YES;
				CLANG_WARN_NON_LITERAL_NULL_CONVERSION = YES;
				CLANG_WARN_OBJC_IMPLICIT_RETAIN_SELF = YES;
				CLANG_WARN_OBJC_LITERAL_CONVERSION = YES;
				CLANG_WARN_OBJC_ROOT_CLASS = YES_ERROR;
				CLANG_WARN_QUOTED_INCLUDE_IN_FRAMEWORK_HEADER = YES;
				CLANG_WARN_RANGE_LOOP_ANALYSIS = YES;
				CLANG_WARN_STRICT_PROTOTYPES = YES;
				CLANG_WARN_SUSPICIOUS_MOVE = YES;
				CLANG_WARN_UNGUARDED_AVAILABILITY = YES_AGGRESSIVE;
				CLANG_WARN_UNREACHABLE_CODE = YES;
				CLANG_WARN__DUPLICATE_METHOD_MATCH = YES;
				COPY_PHASE_STRIP = NO;
				DEBUG_INFORMATION_FORMAT = "dwarf-with-dsym";
				ENABLE_NS_ASSERTIONS = NO;
				ENABLE_STRICT_OBJC_MSGSEND = YES;
				GCC_C_LANGUAGE_STANDARD = gnu11;
				GCC_NO_COMMON_BLOCKS = YES;
				GCC_WARN_64_TO_32_BIT_CONVERSION = YES;
				GCC_WARN_ABOUT_RETURN_TYPE = YES_ERROR;
				GCC_WARN_UNDECLARED_SELECTOR = YES;
				GCC_WARN_UNINITIALIZED_AUTOS = YES_AGGRESSIVE;
				GCC_WARN_UNUSED_FUNCTION = YES;
				GCC_WARN_UNUSED_VARIABLE = YES;
				IPHONEOS_DEPLOYMENT_TARGET = 13.0;
				MACOSX_DEPLOYMENT_TARGET = 11.3;
				MTL_ENABLE_DEBUG_INFO = NO;
				MTL_FAST_MATH = YES;
				SDKROOT = macosx;
				SWIFT_COMPILATION_MODE = wholemodule;
				SWIFT_OPTIMIZATION_LEVEL = "-O";
			};
			name = Release;
		};
		4CD00B8326BFBD8B00AC491E /* Debug */ = {
			isa = XCBuildConfiguration;
			buildSettings = {
				ASSETCATALOG_COMPILER_APPICON_NAME = AppIcon;
				ASSETCATALOG_COMPILER_GLOBAL_ACCENT_COLOR_NAME = AccentColor;
				CODE_SIGN_ENTITLEMENTS = "JustTo-DoList/JustTo_DoList.entitlements";
				CODE_SIGN_STYLE = Automatic;
				COMBINE_HIDPI_IMAGES = YES;
				DEVELOPMENT_TEAM = 48KV35Y6PN;
				ENABLE_HARDENED_RUNTIME = YES;
				INFOPLIST_FILE = "JustTo-DoList/Info.plist";
				LD_RUNPATH_SEARCH_PATHS = (
					"$(inherited)",
					"@executable_path/../Frameworks",
				);
				MACOSX_DEPLOYMENT_TARGET = 11.0;
				PRODUCT_BUNDLE_IDENTIFIER = "com.antoncherkasov.JustTo-DoList";
				PRODUCT_NAME = "$(TARGET_NAME)";
				SWIFT_VERSION = 5.0;
			};
			name = Debug;
		};
		4CD00B8426BFBD8B00AC491E /* Release */ = {
			isa = XCBuildConfiguration;
			buildSettings = {
				ASSETCATALOG_COMPILER_APPICON_NAME = AppIcon;
				ASSETCATALOG_COMPILER_GLOBAL_ACCENT_COLOR_NAME = AccentColor;
				CODE_SIGN_ENTITLEMENTS = "JustTo-DoList/JustTo_DoList.entitlements";
				CODE_SIGN_STYLE = Automatic;
				COMBINE_HIDPI_IMAGES = YES;
				DEVELOPMENT_TEAM = 48KV35Y6PN;
				ENABLE_HARDENED_RUNTIME = YES;
				INFOPLIST_FILE = "JustTo-DoList/Info.plist";
				LD_RUNPATH_SEARCH_PATHS = (
					"$(inherited)",
					"@executable_path/../Frameworks",
				);
				MACOSX_DEPLOYMENT_TARGET = 11.0;
				PRODUCT_BUNDLE_IDENTIFIER = "com.antoncherkasov.JustTo-DoList";
				PRODUCT_NAME = "$(TARGET_NAME)";
				SWIFT_VERSION = 5.0;
			};
			name = Release;
		};
/* End XCBuildConfiguration section */

/* Begin XCConfigurationList section */
		4C285DF0270B3AB500FDC23E /* Build configuration list for PBXNativeTarget "JustTo-DoList-IOS" */ = {
			isa = XCConfigurationList;
			buildConfigurations = (
				4C285DF1270B3AB500FDC23E /* Debug */,
				4C285DF2270B3AB500FDC23E /* Release */,
			);
			defaultConfigurationIsVisible = 0;
			defaultConfigurationName = Release;
		};
		4CD00B6A26BFBD8A00AC491E /* Build configuration list for PBXProject "JustTo-DoList" */ = {
			isa = XCConfigurationList;
			buildConfigurations = (
				4CD00B8026BFBD8B00AC491E /* Debug */,
				4CD00B8126BFBD8B00AC491E /* Release */,
			);
			defaultConfigurationIsVisible = 0;
			defaultConfigurationName = Release;
		};
		4CD00B8226BFBD8B00AC491E /* Build configuration list for PBXNativeTarget "JustTo-DoList" */ = {
			isa = XCConfigurationList;
			buildConfigurations = (
				4CD00B8326BFBD8B00AC491E /* Debug */,
				4CD00B8426BFBD8B00AC491E /* Release */,
			);
			defaultConfigurationIsVisible = 0;
			defaultConfigurationName = Release;
		};
/* End XCConfigurationList section */

/* Begin XCRemoteSwiftPackageReference section */
		4C30A9D6270D9007000299E7 /* XCRemoteSwiftPackageReference "CoreDataStore" */ = {
			isa = XCRemoteSwiftPackageReference;
			repositoryURL = "https://github.com/unsaferawpointer/CoreDataStore";
			requirement = {
				branch = main;
				kind = branch;
			};
		};
/* End XCRemoteSwiftPackageReference section */

/* Begin XCSwiftPackageProductDependency section */
		4C30A9D7270D9007000299E7 /* CoreDataStore */ = {
			isa = XCSwiftPackageProductDependency;
			package = 4C30A9D6270D9007000299E7 /* XCRemoteSwiftPackageReference "CoreDataStore" */;
			productName = CoreDataStore;
		};
/* End XCSwiftPackageProductDependency section */

/* Begin XCVersionGroup section */
		4CD00B7626BFBD8A00AC491E /* JustTo_DoList.xcdatamodeld */ = {
			isa = XCVersionGroup;
			children = (
				4CD00B7726BFBD8A00AC491E /* JustTo_DoList.xcdatamodel */,
			);
			currentVersion = 4CD00B7726BFBD8A00AC491E /* JustTo_DoList.xcdatamodel */;
			path = JustTo_DoList.xcdatamodeld;
			sourceTree = "<group>";
			versionGroupType = wrapper.xcdatamodel;
		};
/* End XCVersionGroup section */
	};
	rootObject = 4CD00B6726BFBD8A00AC491E /* Project object */;
}
